github.com/4ydx/cdp v1.0.0 h1:mAnIl0/AUQzrpOGOTeYDtYc+5QgrxpGILY+zXBq6DpE=
github.com/4ydx/cdp v1.0.0/go.mod h1:Mf+g7i9T0oMUyGkdFE0xfTUB3BL8f/VX8JZT6mlHGUc=
github.com/4ydx/chrome-protocol v1.0.3 h1:bKYKbwlhG71oVo2wUGs1teAh2mIvljvXb1hcrRuK4Ew=
github.com/4ydx/chrome-protocol v1.0.3/go.mod h1:b/7H0nVr0N03ttPOPP3QZiujBTlZmocfhVPjpTPXccI=
github.com/PuerkitoBio/goquery v1.5.0 h1:uGvmFXOA73IKluu/F84Xd1tt/z07GYm8X49XKHP7EJk=
github.com/PuerkitoBio/goquery v1.5.0/go.mod h1:qD2PgZ9lccMbQlc7eEOjaeRlFQON7xY8kdmcsrnKqMg=
github.com/PuerkitoBio/goquery v1.5.1 h1:PSPBGne8NIUWw+/7vFBV+kG2J/5MOjbzc7154OaKCSE=
github.com/PuerkitoBio/goquery v1.5.1/go.mod h1:GsLWisAFVj4WgDibEWF4pvYnkVQBpKBKeU+7zCJoLcc=
github.com/andybalholm/cascadia v1.0.0 h1:hOCXnnZ5A+3eVDX8pvgl4kofXv2ELss0bKcqRySc45o=
github.com/andybalholm/cascadia v1.0.0/go.mod h1:GsXiBklL0woXo1j/WYWtSYYC4ouU9PqHO0sqidkEA4Y=
github.com/andybalholm/cascadia v1.1.0 h1:BuuO6sSfQNFRu1LppgbD25Hr2vLYW25JvxHs5zzsLTo=
github.com/andybalholm/cascadia v1.1.0/go.mod h1:GsXiBklL0woXo1j/WYWtSYYC4ouU9PqHO0sqidkEA4Y=
github.com/antchfx/htmlquery v1.0.0 h1:O5IXz8fZF3B3MW+B33MZWbTHBlYmcfw0BAxgErHuaMA=
github.com/antchfx/htmlquery v1.0.0/go.mod h1:MS9yksVSQXls00iXkiMqXr0J+umL/AmxXKuP28SUJM8=
github.com/antchfx/htmlquery v1.2.2 h1:exe4hUStBqXdRZ+9nB7EYA+W2zfIHIq3rRFpChh+VSk=
github.com/antchfx/htmlquery v1.2.2/go.mod h1:MS9yksVSQXls00iXkiMqXr0J+umL/AmxXKuP28SUJM8=
github.com/antchfx/xmlquery v1.0.0 h1:YuEPqexGG2opZKNc9JU3Zw6zFXwC47wNcy6/F8oKsrM=
github.com/antchfx/xmlquery v1.0.0/go.mod h1:/+CnyD/DzHRnv2eRxrVbieRU/FIF6N0C+7oTtyUtCKk=
github.com/antchfx/xmlquery v1.2.3 h1:++irmxT+Pkn55FGtSTkUTHarZ6E0b1yyR+UiPZRA+eY=
github.com/antchfx/xmlquery v1.2.3/go.mod h1:/+CnyD/DzHRnv2eRxrVbieRU/FIF6N0C+7oTtyUtCKk=
github.com/antchfx/xpath v1.0.0 h1:Q5gFgh2O40VTSwMOVbFE7nFNRBu3tS21Tn0KAWeEjtk=
github.com/antchfx/xpath v1.0.0/go.mod h1:Yee4kTMuNiPYJ7nSNorELQMr1J33uOpXDMByNYhvtNk=
github.com/antchfx/xpath v1.1.5 h1:pQWeT0Xuv0gR7bDXXuoLAA7ztm9dxb19tTdxdxJR1Bo=
github.com/antchfx/xpath v1.1.5/go.mod h1:Yee4kTMuNiPYJ7nSNorELQMr1J33uOpXDMByNYhvtNk=
github.com/chromedp/cdproto v0.0.0-20200116234248-4da64dd111ac h1:T7V5BXqnYd55Hj/g5uhDYumg9Fp3rMTS6bykYtTIFX4=
github.com/chromedp/cdproto v0.0.0-20200116234248-4da64dd111ac/go.mod h1:PfAWWKJqjlGFYJEidUM6aVIWPr0EpobeyVWEEmplX7g=
github.com/chromedp/cdproto v0.0.0-20200209033844-7e00b02ea7d2 h1:osPk40NN+GLEj2Tay/N+H/K4itKyHZ6gdrC/pXjjgQ8=
github.com/chromedp/cdproto v0.0.0-20200209033844-7e00b02ea7d2/go.mod h1:PfAWWKJqjlGFYJEidUM6aVIWPr0EpobeyVWEEmplX7g=
github.com/chromedp/chromedp v0.5.3 h1:F9LafxmYpsQhWQBdCs+6Sret1zzeeFyHS5LkRF//Ffg=
github.com/chromedp/chromedp v0.5.3/go.mod h1:YLdPtndaHQ4rCpSpBG+IPpy9JvX0VD+7aaLxYgYj28w=
github.com/davecgh/go-spew v1.1.0/go.mod h1:J7Y8YcW2NihsgmVo/mv3lAwl/skON4iLHjSsI+c5H38=
github.com/davecgh/go-spew v1.1.1/go.mod h1:J7Y8YcW2NihsgmVo/mv3lAwl/skON4iLHjSsI+c5H38=
github.com/dgrijalva/jwt-go v3.2.0+incompatible h1:7qlOGliEKZXTDg6OTjfoBKDXWrumCAMpl/TFQ4/5kLM=
github.com/dgrijalva/jwt-go v3.2.0+incompatible/go.mod h1:E3ru+11k8xSBh+hMPgOLZmtrrCbhqsmaPHjLKYnJCaQ=
github.com/gobwas/glob v0.2.3 h1:A4xDbljILXROh+kObIiy5kIaPYD8e96x1tgBhUI5J+Y=
github.com/gobwas/glob v0.2.3/go.mod h1:d3Ez4x06l9bZtSvzIay5+Yzi0fmZzPgnTbPcKjJAkT8=
github.com/gobwas/httphead v0.0.0-20180130184737-2c6c146eadee h1:s+21KNqlpePfkah2I+gwHF8xmJWRjooY+5248k6m4A0=
github.com/gobwas/httphead v0.0.0-20180130184737-2c6c146eadee/go.mod h1:L0fX3K22YWvt/FAX9NnzrNzcI4wNYi9Yku4O0LKYflo=
github.com/gobwas/pool v0.2.0 h1:QEmUOlnSjWtnpRGHF3SauEiOsy82Cup83Vf2LcMlnc8=
github.com/gobwas/pool v0.2.0/go.mod h1:q8bcK0KcYlCgd9e7WYLm9LpyS+YeLd8JVDW6WezmKEw=
github.com/gobwas/ws v1.0.2 h1:CoAavW/wd/kulfZmSIBt6p24n4j7tHgNVCjsfHVNUbo=
github.com/gobwas/ws v1.0.2/go.mod h1:szmBTxLgaFppYjEmNtny/v3w89xOydFnnZMcgRRu/EM=
github.com/gobwas/ws v1.0.3 h1:ZOigqf7iBxkA4jdQ3am7ATzdlOFp9YzA6NmuvEEZc9g=
github.com/gobwas/ws v1.0.3/go.mod h1:szmBTxLgaFppYjEmNtny/v3w89xOydFnnZMcgRRu/EM=
github.com/gocolly/colly v1.2.0 h1:qRz9YAn8FIH0qzgNUw+HT9UN7wm1oF9OBAilwEWpyrI=
github.com/gocolly/colly v1.2.0/go.mod h1:Hof5T3ZswNVsOHYmba1u03W65HDWgpV5HifSuueE0EA=
github.com/gocolly/colly/v2 v2.0.1 h1:GGPzBEdrEsavhzVK00FQXMMHBHRpwrbbCCcEKM/0Evw=
github.com/gocolly/colly/v2 v2.0.1/go.mod h1:ePrRZlJcLTU2C/f8pJzXfkdBtBDHL5hOaKLcBoiJcq8=
github.com/golang/groupcache v0.0.0-20200121045136-8c9f03a8e57e h1:1r7pUrabqp18hOBcwBwiTsbnFeTZHV9eER/QT5JVZxY=
github.com/golang/groupcache v0.0.0-20200121045136-8c9f03a8e57e/go.mod h1:cIg4eruTrX1D+g88fzRXU5OdNfaM+9IcxsU14FzY7Hc=
github.com/golang/protobuf v1.3.1 h1:YF8+flBXS5eO826T4nzqPrxfhQThhXl0YzfuUPu4SBg=
github.com/golang/protobuf v1.3.1/go.mod h1:6lQm79b+lXiMfvg/cZm0SGofjICqVBUtrP5yJMmIC1U=
github.com/golang/protobuf v1.4.0-rc.1/go.mod h1:ceaxUfeHdC40wWswd/P6IGgMaK3YpKi5j83Wpe3EHw8=
github.com/golang/protobuf v1.4.0-rc.1.0.20200221234624-67d41d38c208/go.mod h1:xKAWHe0F5eneWXFV3EuXVDTCmh+JuBKY0li0aMyXATA=
github.com/golang/protobuf v1.4.0-rc.2/go.mod h1:LlEzMj4AhA7rCAGe4KMBDvJI+AwstrUpVNzEA03Pprs=
github.com/golang/protobuf v1.4.0-rc.4.0.20200313231945-b860323f09d0/go.mod h1:WU3c8KckQ9AFe+yFwt9sWVRKCVIyN9cPHBJSNnbL67w=
github.com/golang/protobuf v1.4.0 h1:oOuy+ugB+P/kBdUnG5QaMXSIyJ1q38wWSojYCb3z5VQ=
github.com/golang/protobuf v1.4.0/go.mod h1:jodUvKwWbYaEsadDk5Fwe5c77LiNKVO9IDvqG2KuDX0=
github.com/google/go-cmp v0.3.0/go.mod h1:8QqcDgzrUqlUb/G2PQTWiueGozuR1884gddMywk6iLU=
github.com/google/go-cmp v0.3.1/go.mod h1:8QqcDgzrUqlUb/G2PQTWiueGozuR1884gddMywk6iLU=
github.com/google/go-cmp v0.4.0/go.mod h1:v8dTdLbMG2kIc/vJvl+f65V22dbkXbowE6jgT/gNBxE=
github.com/gorilla/mux v1.7.4 h1:VuZ8uybHlWmqV03+zRzdwKL4tUnIp1MAQtp1mIFE1bc=
github.com/gorilla/mux v1.7.4/go.mod h1:DVbg23sWSpFRCP0SfiEN6jmj59UnW/n46BH5rLB71So=
github.com/gorilla/websocket v1.4.2 h1:+/TMaTYc4QFitKJxsQ7Yye35DkWvkdLcvGKqM+x0Ufc=
github.com/gorilla/websocket v1.4.2/go.mod h1:YR8l580nyteQvAITg2hZ9XVh4b55+EU/adAjf1fMHhE=
github.com/jawher/mow.cli v1.1.0 h1:NdtHXRc0CwZQ507wMvQ/IS+Q3W3x2fycn973/b8Zuk8=
github.com/jawher/mow.cli v1.1.0/go.mod h1:aNaQlc7ozF3vw6IJ2dHjp2ZFiA4ozMIYY6PyuRJwlUg=
github.com/joho/godotenv v1.3.0 h1:Zjp+RcGpHhGlrMbJzXTrZZPrWj+1vfm90La1wgB6Bhc=
github.com/joho/godotenv v1.3.0/go.mod h1:7hK45KPybAkOC6peb+G5yklZfMxEjkZhHbwpqxOKXbg=
github.com/kennygrant/sanitize v1.2.4 h1:gN25/otpP5vAsO2djbMhF/LQX6R7+O1TB4yv8NzpJ3o=
github.com/kennygrant/sanitize v1.2.4/go.mod h1:LGsjYYtgxbetdg5owWB2mpgUL6e2nfw2eObZ0u0qvak=
github.com/knq/sysutil v0.0.0-20191005231841-15668db23d08 h1:V0an7KRw92wmJysvFvtqtKMAPmvS5O0jtB0nYo6t+gs=
github.com/knq/sysutil v0.0.0-20191005231841-15668db23d08/go.mod h1:dFWs1zEqDjFtnBXsd1vPOZaLsESovai349994nHx3e0=
github.com/kr/pty v1.1.1/go.mod h1:pFQYn66WHrOpPYNljwOMqo10TkYh1fy3cYio2l3bCsQ=
github.com/kr/text v0.1.0 h1:45sCR5RtlFHMR4UwH9sdQ5TC8v0qDQCHnXt+kaKSTVE=
github.com/kr/text v0.1.0/go.mod h1:4Jbv+DJW3UT/LiOwJeYQe1efqtUx/iVham/4vfdArNI=
github.com/mailru/easyjson v0.7.0 h1:aizVhC/NAAcKWb+5QsU1iNOZb4Yws5UO2I+aIprQITM=
github.com/mailru/easyjson v0.7.0/go.mod h1:KAzv3t3aY1NaHWoQz1+4F1ccyAH66Jk7yos7ldAVICs=
github.com/mailru/easyjson v0.7.1 h1:mdxE1MF9o53iCb2Ghj1VfWvh7ZOwHpnVG/xwXrV90U8=
github.com/mailru/easyjson v0.7.1/go.mod h1:KAzv3t3aY1NaHWoQz1+4F1ccyAH66Jk7yos7ldAVICs=
github.com/mitchellh/mapstructure v1.2.2 h1:dxe5oCinTXiTIcfgmZecdCzPmAJKd46KsCWc35r0TV4=
github.com/mitchellh/mapstructure v1.2.2/go.mod h1:bFUtVrKA4DC2yAKiSyO/QUcy7e+RRV2QTWOzhPopBRo=
github.com/niemeyer/pretty v0.0.0-20200227124842-a10e7caefd8e h1:fD57ERR4JtEqsWbfPhv4DMiApHyliiK5xCTNVSPiaAs=
github.com/niemeyer/pretty v0.0.0-20200227124842-a10e7caefd8e/go.mod h1:zD1mROLANZcx1PVRCS0qkT7pwLkGfwJo4zjcN/Tysno=
github.com/pmezard/go-difflib v1.0.0/go.mod h1:iKH77koFhYxTK1pcRnkKkqfTogsbg7gZNVY4sRDYZ/4=
github.com/saintfish/chardet v0.0.0-20120816061221-3af4cd4741ca h1:NugYot0LIVPxTvN8n+Kvkn6TrbMyxQiuvKdEwFdR9vI=
github.com/saintfish/chardet v0.0.0-20120816061221-3af4cd4741ca/go.mod h1:uugorj2VCxiV1x+LzaIdVa9b4S4qGAcH6cbhh4qVxOU=
github.com/satori/go.uuid v1.2.0 h1:0uYX9dsZ2yD7q2RtLRtPSdGDWzjeM3TbMJP9utgA0ww=
github.com/satori/go.uuid v1.2.0/go.mod h1:dA0hQrYB0VpLJoorglMZABFdXlWrHn1NEOzdhQKdks0=
github.com/stretchr/objx v0.1.0/go.mod h1:HFkY916IF+rwdDfMAkV7OtwuqBVzrE8GR6GFx+wExME=
github.com/stretchr/objx v0.2.0/go.mod h1:qt09Ya8vawLte6SNmTgCsAVtYtaKzEcn8ATUoHMkEqE=
github.com/stretchr/testify v1.3.0/go.mod h1:M5WIy9Dh21IEIfnGCwXGc5bZfKNJtfHm1UVUgZn+9EI=
github.com/temoto/robotstxt v1.1.1 h1:Gh8RCs8ouX3hRSxxK7B1mO5RFByQ4CmJZDwgom++JaA=
github.com/temoto/robotstxt v1.1.1/go.mod h1:+1AmkuG3IYkh1kv0d2qEB9Le88ehNO0zwOr3ujewlOo=
golang.org/x/crypto v0.0.0-20190308221718-c2843e01d9a2/go.mod h1:djNgcEr1/C05ACkg1iLfiJU5Ep61QUkGW8qpdssI0+w=
golang.org/x/crypto v0.0.0-20190605123033-f99c8df09eb5/go.mod h1:yigFU9vqHzYiE8UmvKecakEJjdnWj3jj499lnFckfCI=
golang.org/x/net v0.0.0-20180218175443-cbe0f9307d01/go.mod h1:mL1N/T3taQHkDXs73rZJwtUhF3w3ftmwwsq0BUmARs4=
golang.org/x/net v0.0.0-20181114220301-adae6a3d119a/go.mod h1:mL1N/T3taQHkDXs73rZJwtUhF3w3ftmwwsq0BUmARs4=
golang.org/x/net v0.0.0-20190311183353-d8887717615a/go.mod h1:t9HGtf8HONx5eT2rtn7q6eTqICYqUVnKs3thJo3Qplg=
golang.org/x/net v0.0.0-20190404232315-eb5bcb51f2a3/go.mod h1:t9HGtf8HONx5eT2rtn7q6eTqICYqUVnKs3thJo3Qplg=
golang.org/x/net v0.0.0-20190603091049-60506f45cf65/go.mod h1:HSz+uSET+XFnRR8LxR5pz3Of3rY3CfYBVs4xY44aLks=
golang.org/x/net v0.0.0-20190724013045-ca1201d0de80/go.mod h1:z5CRVTTTmAJ677TzLLGU+0bjPO0LkuOLi4/5GtJWs/s=
golang.org/x/net v0.0.0-20200202094626-16171245cfb2/go.mod h1:z5CRVTTTmAJ677TzLLGU+0bjPO0LkuOLi4/5GtJWs/s=
golang.org/x/net v0.0.0-20200324143707-d3edc9973b7e h1:3G+cUijn7XD+S4eJFddp53Pv7+slrESplyjG25HgL+k=
golang.org/x/net v0.0.0-20200324143707-d3edc9973b7e/go.mod h1:qpuaurCH72eLCgpAm/N6yyVIVM9cpaDIP3A8BGJEC5A=
golang.org/x/sync v0.0.0-20190423024810-112230192c58/go.mod h1:RxMgew5VJxzue5/jJTE5uejpjVlOe/izrB70Jof72aM=
golang.org/x/sys v0.0.0-20190215142949-d0b11bdaac8a/go.mod h1:STP8DvDyc/dI5b8T5hshtkjS+E42TnysNCUPdjciGhY=
golang.org/x/sys v0.0.0-20190412213103-97732733099d/go.mod h1:h1NjWce9XRLGQEsW7wpKNCjG9DtNlClVuFLEZdDNbEs=
golang.org/x/sys v0.0.0-20190606165138-5da285871e9c/go.mod h1:h1NjWce9XRLGQEsW7wpKNCjG9DtNlClVuFLEZdDNbEs=
golang.org/x/sys v0.0.0-20200116001909-b77594299b42/go.mod h1:h1NjWce9XRLGQEsW7wpKNCjG9DtNlClVuFLEZdDNbEs=
golang.org/x/sys v0.0.0-20200323222414-85ca7c5b95cd h1:xhmwyvizuTgC2qz7ZlMluP20uW+C3Rm0FD/WLDX8884=
golang.org/x/sys v0.0.0-20200323222414-85ca7c5b95cd/go.mod h1:h1NjWce9XRLGQEsW7wpKNCjG9DtNlClVuFLEZdDNbEs=
golang.org/x/sys v0.0.0-20200413165638-669c56c373c4 h1:opSr2sbRXk5X5/givKrrKj9HXxFpW2sdCiP8MJSKLQY=
golang.org/x/sys v0.0.0-20200413165638-669c56c373c4/go.mod h1:h1NjWce9XRLGQEsW7wpKNCjG9DtNlClVuFLEZdDNbEs=
golang.org/x/text v0.3.0/go.mod h1:NqM8EUOU14njkJ3fqMW+pc6Ldnwhi/IjpwHt7yyuwOQ=
golang.org/x/text v0.3.2 h1:tW2bmiBqwgJj/UpqtC8EpXEZVYOwU0yG4iWbprSVAcs=
golang.org/x/text v0.3.2/go.mod h1:bEr9sfX3Q8Zfm5fL9x+3itogRgK3+ptLWKqgva+5dAk=
golang.org/x/tools v0.0.0-20180917221912-90fa682c2a6e/go.mod h1:n7NCudcB/nEzxVGmLbDWY5pfWTLqBcC2KZ6jyYvM4mQ=
golang.org/x/tools v0.0.0-20190606124116-d0a3d012864b/go.mod h1:/rFqwRUd4F7ZHNgwSSTFct+R/Kf4OFW1sUzUTQQTgfc=
golang.org/x/xerrors v0.0.0-20191204190536-9bdfabe68543/go.mod h1:I/5z698sn9Ka8TeJc9MKroUUfqBBauWjQqLJ2OPfmY0=
google.golang.org/appengine v1.6.1 h1:QzqyMA1tlu6CgqCDUtU9V+ZKhLFT2dkJuANu5QaxI3I=
google.golang.org/appengine v1.6.1/go.mod h1:i06prIuMbXzDqacNJfV5OdTW448YApPu5ww/cMBSeb0=
google.golang.org/appengine v1.6.5 h1:tycE03LOZYQNhDpS27tcQdAzLCVMaj7QT2SXxebnpCM=
google.golang.org/appengine v1.6.5/go.mod h1:8WjMMxjGQR8xUklV/ARdw2HLXBOI7O7uCIDZVag1xfc=
google.golang.org/protobuf v0.0.0-20200109180630-ec00e32a8dfd/go.mod h1:DFci5gLYBciE7Vtevhsrf46CRTquxDuWsQurQQe4oz8=
google.golang.org/protobuf v0.0.0-20200221191635-4d8936d0db64/go.mod h1:kwYJMbMJ01Woi6D6+Kah6886xMZcty6N08ah7+eCXa0=
google.golang.org/protobuf v0.0.0-20200228230310-ab0ca4ff8a60/go.mod h1:cfTl7dwQJ+fmap5saPgwCLgHXTUD7jkjRqWcaiX5VyM=
google.golang.org/protobuf v1.20.1-0.20200309200217-e05f789c0967/go.mod h1:A+miEFZTKqfCUM6K7xSMQL9OKL/b6hQv+e19PK+JZNE=
google.golang.org/protobuf v1.21.0 h1:qdOKuR/EIArgaWNjetjgTzgVTAZ+S/WXVrq9HW9zimw=
google.golang.org/protobuf v1.21.0/go.mod h1:47Nbq4nVaFHyn7ilMalzfO3qCViNmqZ2kzikPIcrTAo=
gopkg.in/check.v1 v1.0.0-20200227125254-8fa46927fb4f h1:BLraFXnmrev5lT+xlilqcH8XK9/i0At2xKjWk4p6zsU=
gopkg.in/check.v1 v1.0.0-20200227125254-8fa46927fb4f/go.mod h1:Co6ibVJAznAaIkqp8huTwlJQCZ016jof/cbN4VW5Yz0=
